
Microsoft Visual Studio Solution File, Format Version 12.00
# Visual Studio Version 17
VisualStudioVersion = 17.12.35527.113
MinimumVisualStudioVersion = 10.0.40219.1
Project("{2150E333-8FDC-42A3-9474-1A3956D46DE8}") = "Api", "Api", "{7179C2C3-0F4B-4D7D-9A36-19E9A16113EB}"
EndProject
Project("{2150E333-8FDC-42A3-9474-1A3956D46DE8}") = "Modules", "Modules", "{F2F5D461-96BB-478E-A467-C5A15B8AFCE2}"
EndProject
Project("{2150E333-8FDC-42A3-9474-1A3956D46DE8}") = "Core", "Core", "{22CD63F7-3E39-46E6-B785-2AD6C6DD8ADF}"
EndProject
Project("{FAE04EC0-301F-11D3-BF4B-00C04F79EFBC}") = "WordGuesser.Api", "Api\WordGuesser.Api.csproj", "{B9344EB5-9100-4D91-AE69-38C927B50110}"
EndProject
Project("{FAE04EC0-301F-11D3-BF4B-00C04F79EFBC}") = "WordGuesser.Core.Application", "Modules\Core\Application\WordGuesser.Core.Application.csproj", "{508BDDC2-63B0-4DD2-8B60-3EB28264FAA7}"
EndProject
Project("{FAE04EC0-301F-11D3-BF4B-00C04F79EFBC}") = "WordGuesser.Core.Domain", "Modules\Core\Domain\WordGuesser.Core.Domain.csproj", "{DC7D2C57-18B9-4B6D-8DB4-C88715D6F715}"
EndProject
Project("{FAE04EC0-301F-11D3-BF4B-00C04F79EFBC}") = "WordGuesser.Core.Infrastructure", "Modules\Core\Infrastructure\WordGuesser.Core.Infrastructure.csproj", "{1002DDEB-5218-4B66-BEF9-93BF6F14C1EB}"
EndProject
Project("{2150E333-8FDC-42A3-9474-1A3956D46DE8}") = "Common", "Common", "{C0D12699-1E80-4F69-8268-12BDC3CD2390}"
EndProject
Project("{FAE04EC0-301F-11D3-BF4B-00C04F79EFBC}") = "Common.Application", "..\..\..\Common\Application\Common.Application.csproj", "{88253BE6-13D7-4644-83FB-7D3C28A3319A}"
EndProject
Project("{FAE04EC0-301F-11D3-BF4B-00C04F79EFBC}") = "Common.Domain", "..\..\..\Common\Domain\Common.Domain.csproj", "{B7F027BB-2F6A-4713-A984-5BF7D6149089}"
EndProject
Project("{FAE04EC0-301F-11D3-BF4B-00C04F79EFBC}") = "Common.Infrastructure", "..\..\..\Common\Infrastructure\Common.Infrastructure.csproj", "{A2D0A741-709C-4CEF-98AD-18A84A1A4763}"
EndProject
Global
	GlobalSection(SolutionConfigurationPlatforms) = preSolution
		Debug|Any CPU = Debug|Any CPU
		Release|Any CPU = Release|Any CPU
	EndGlobalSection
	GlobalSection(ProjectConfigurationPlatforms) = postSolution
		{B9344EB5-9100-4D91-AE69-38C927B50110}.Debug|Any CPU.ActiveCfg = Debug|Any CPU
		{B9344EB5-9100-4D91-AE69-38C927B50110}.Debug|Any CPU.Build.0 = Debug|Any CPU
		{B9344EB5-9100-4D91-AE69-38C927B50110}.Release|Any CPU.ActiveCfg = Release|Any CPU
		{B9344EB5-9100-4D91-AE69-38C927B50110}.Release|Any CPU.Build.0 = Release|Any CPU
		{508BDDC2-63B0-4DD2-8B60-3EB28264FAA7}.Debug|Any CPU.ActiveCfg = Debug|Any CPU
		{508BDDC2-63B0-4DD2-8B60-3EB28264FAA7}.Debug|Any CPU.Build.0 = Debug|Any CPU
		{508BDDC2-63B0-4DD2-8B60-3EB28264FAA7}.Release|Any CPU.ActiveCfg = Release|Any CPU
		{508BDDC2-63B0-4DD2-8B60-3EB28264FAA7}.Release|Any CPU.Build.0 = Release|Any CPU
		{DC7D2C57-18B9-4B6D-8DB4-C88715D6F715}.Debug|Any CPU.ActiveCfg = Debug|Any CPU
		{DC7D2C57-18B9-4B6D-8DB4-C88715D6F715}.Debug|Any CPU.Build.0 = Debug|Any CPU
		{DC7D2C57-18B9-4B6D-8DB4-C88715D6F715}.Release|Any CPU.ActiveCfg = Release|Any CPU
		{DC7D2C57-18B9-4B6D-8DB4-C88715D6F715}.Release|Any CPU.Build.0 = Release|Any CPU
		{1002DDEB-5218-4B66-BEF9-93BF6F14C1EB}.Debug|Any CPU.ActiveCfg = Debug|Any CPU
		{1002DDEB-5218-4B66-BEF9-93BF6F14C1EB}.Debug|Any CPU.Build.0 = Debug|Any CPU
		{1002DDEB-5218-4B66-BEF9-93BF6F14C1EB}.Release|Any CPU.ActiveCfg = Release|Any CPU
		{1002DDEB-5218-4B66-BEF9-93BF6F14C1EB}.Release|Any CPU.Build.0 = Release|Any CPU
		{88253BE6-13D7-4644-83FB-7D3C28A3319A}.Debug|Any CPU.ActiveCfg = Debug|Any CPU
		{88253BE6-13D7-4644-83FB-7D3C28A3319A}.Debug|Any CPU.Build.0 = Debug|Any CPU
		{88253BE6-13D7-4644-83FB-7D3C28A3319A}.Release|Any CPU.ActiveCfg = Release|Any CPU
		{88253BE6-13D7-4644-83FB-7D3C28A3319A}.Release|Any CPU.Build.0 = Release|Any CPU
		{B7F027BB-2F6A-4713-A984-5BF7D6149089}.Debug|Any CPU.ActiveCfg = Debug|Any CPU
		{B7F027BB-2F6A-4713-A984-5BF7D6149089}.Debug|Any CPU.Build.0 = Debug|Any CPU
		{B7F027BB-2F6A-4713-A984-5BF7D6149089}.Release|Any CPU.ActiveCfg = Release|Any CPU
		{B7F027BB-2F6A-4713-A984-5BF7D6149089}.Release|Any CPU.Build.0 = Release|Any CPU
		{A2D0A741-709C-4CEF-98AD-18A84A1A4763}.Debug|Any CPU.ActiveCfg = Debug|Any CPU
		{A2D0A741-709C-4CEF-98AD-18A84A1A4763}.Debug|Any CPU.Build.0 = Debug|Any CPU
		{A2D0A741-709C-4CEF-98AD-18A84A1A4763}.Release|Any CPU.ActiveCfg = Release|Any CPU
		{A2D0A741-709C-4CEF-98AD-18A84A1A4763}.Release|Any CPU.Build.0 = Release|Any CPU
	EndGlobalSection
	GlobalSection(SolutionProperties) = preSolution
		HideSolutionNode = FALSE
	EndGlobalSection
	GlobalSection(NestedProjects) = preSolution
		{22CD63F7-3E39-46E6-B785-2AD6C6DD8ADF} = {F2F5D461-96BB-478E-A467-C5A15B8AFCE2}
		{B9344EB5-9100-4D91-AE69-38C927B50110} = {7179C2C3-0F4B-4D7D-9A36-19E9A16113EB}
		{508BDDC2-63B0-4DD2-8B60-3EB28264FAA7} = {22CD63F7-3E39-46E6-B785-2AD6C6DD8ADF}
		{DC7D2C57-18B9-4B6D-8DB4-C88715D6F715} = {22CD63F7-3E39-46E6-B785-2AD6C6DD8ADF}
		{1002DDEB-5218-4B66-BEF9-93BF6F14C1EB} = {22CD63F7-3E39-46E6-B785-2AD6C6DD8ADF}
		{88253BE6-13D7-4644-83FB-7D3C28A3319A} = {C0D12699-1E80-4F69-8268-12BDC3CD2390}
		{B7F027BB-2F6A-4713-A984-5BF7D6149089} = {C0D12699-1E80-4F69-8268-12BDC3CD2390}
		{A2D0A741-709C-4CEF-98AD-18A84A1A4763} = {C0D12699-1E80-4F69-8268-12BDC3CD2390}
	EndGlobalSection
EndGlobal
